
Microsoft Visual Studio Solution File, Format Version 12.00
# Visual Studio 2013
VisualStudioVersion = 12.0.30501.0
MinimumVisualStudioVersion = 10.0.40219.1
Project("{FAE04EC0-301F-11D3-BF4B-00C04F79EFBC}") = "SF.Web", "SF.Web\SF.Web.csproj", "{4F894EE6-74E8-4C9F-A0D1-D050F9FBE085}"
EndProject
Project("{FAE04EC0-301F-11D3-BF4B-00C04F79EFBC}") = "SF.Data", "SF.Data\SF.Data.csproj", "{9289D7F4-63F9-43E7-8E22-B66C54DA261F}"
EndProject
Project("{FAE04EC0-301F-11D3-BF4B-00C04F79EFBC}") = "SF.Model", "SF.Model\SF.Model.csproj", "{D4311D55-14E5-42F2-946E-F148E56341D2}"
EndProject
Project("{FAE04EC0-301F-11D3-BF4B-00C04F79EFBC}") = "SF.Test", "SF.Test\SF.Test.csproj", "{BB12D038-F9C1-4D52-94EF-539EDB1521F6}"
EndProject
Global
	GlobalSection(SolutionConfigurationPlatforms) = preSolution
		Debug|Any CPU = Debug|Any CPU
		Release|Any CPU = Release|Any CPU
	EndGlobalSection
	GlobalSection(ProjectConfigurationPlatforms) = postSolution
		{4F894EE6-74E8-4C9F-A0D1-D050F9FBE085}.Debug|Any CPU.ActiveCfg = Debug|Any CPU
		{4F894EE6-74E8-4C9F-A0D1-D050F9FBE085}.Debug|Any CPU.Build.0 = Debug|Any CPU
		{4F894EE6-74E8-4C9F-A0D1-D050F9FBE085}.Release|Any CPU.ActiveCfg = Release|Any CPU
		{4F894EE6-74E8-4C9F-A0D1-D050F9FBE085}.Release|Any CPU.Build.0 = Release|Any CPU
		{9289D7F4-63F9-43E7-8E22-B66C54DA261F}.Debug|Any CPU.ActiveCfg = Debug|Any CPU
		{9289D7F4-63F9-43E7-8E22-B66C54DA261F}.Debug|Any CPU.Build.0 = Debug|Any CPU
		{9289D7F4-63F9-43E7-8E22-B66C54DA261F}.Release|Any CPU.ActiveCfg = Release|Any CPU
		{9289D7F4-63F9-43E7-8E22-B66C54DA261F}.Release|Any CPU.Build.0 = Release|Any CPU
		{D4311D55-14E5-42F2-946E-F148E56341D2}.Debug|Any CPU.ActiveCfg = Debug|Any CPU
		{D4311D55-14E5-42F2-946E-F148E56341D2}.Debug|Any CPU.Build.0 = Debug|Any CPU
		{D4311D55-14E5-42F2-946E-F148E56341D2}.Release|Any CPU.ActiveCfg = Release|Any CPU
		{D4311D55-14E5-42F2-946E-F148E56341D2}.Release|Any CPU.Build.0 = Release|Any CPU
		{BB12D038-F9C1-4D52-94EF-539EDB1521F6}.Debug|Any CPU.ActiveCfg = Debug|Any CPU
		{BB12D038-F9C1-4D52-94EF-539EDB1521F6}.Debug|Any CPU.Build.0 = Debug|Any CPU
		{BB12D038-F9C1-4D52-94EF-539EDB1521F6}.Release|Any CPU.ActiveCfg = Release|Any CPU
		{BB12D038-F9C1-4D52-94EF-539EDB1521F6}.Release|Any CPU.Build.0 = Release|Any CPU
	EndGlobalSection
	GlobalSection(SolutionProperties) = preSolution
		HideSolutionNode = FALSE
	EndGlobalSection
EndGlobal
